
Microsoft Visual Studio Solution File, Format Version 12.00
# Visual Studio Version 16
VisualStudioVersion = 16.0.29926.136
MinimumVisualStudioVersion = 10.0.40219.1
Project("{FAE04EC0-301F-11D3-BF4B-00C04F79EFBC}") = "SharePoint Integration", "SharePoint Integration\SharePoint Integration.csproj", "{D839F8DC-38FE-41CC-9277-4A316E3DE6EF}"
EndProject
Global
	GlobalSection(SolutionConfigurationPlatforms) = preSolution
		Debug|Any CPU = Debug|Any CPU
		Release|Any CPU = Release|Any CPU
	EndGlobalSection
	GlobalSection(ProjectConfigurationPlatforms) = postSolution
		{D839F8DC-38FE-41CC-9277-4A316E3DE6EF}.Debug|Any CPU.ActiveCfg = Debug|Any CPU
		{D839F8DC-38FE-41CC-9277-4A316E3DE6EF}.Debug|Any CPU.Build.0 = Debug|Any CPU
		{D839F8DC-38FE-41CC-9277-4A316E3DE6EF}.Release|Any CPU.ActiveCfg = Release|Any CPU
		{D839F8DC-38FE-41CC-9277-4A316E3DE6EF}.Release|Any CPU.Build.0 = Release|Any CPU
	EndGlobalSection
	GlobalSection(SolutionProperties) = preSolution
		HideSolutionNode = FALSE
	EndGlobalSection
	GlobalSection(ExtensibilityGlobals) = postSolution
		SolutionGuid = {B43DFA86-4C11-49C2-9B0D-785C34E41D82}
	EndGlobalSection
EndGlobal
